// !$*UTF8*$!
{
	archiveVersion = 1;
	classes = {
	};
	objectVersion = 56;
	objects = {

/* Begin PBXBuildFile section */
		E4D58F6628F28D5D007F5151 /* project1App.swift in Sources */ = {isa = PBXBuildFile; fileRef = E4D58F6528F28D5D007F5151 /* project1App.swift */; };
		E4D58F6828F28D5D007F5151 /* ContentView.swift in Sources */ = {isa = PBXBuildFile; fileRef = E4D58F6728F28D5D007F5151 /* ContentView.swift */; };
		E4D58F6A28F28D5F007F5151 /* Assets.xcassets in Resources */ = {isa = PBXBuildFile; fileRef = E4D58F6928F28D5F007F5151 /* Assets.xcassets */; };
		E4D58F6D28F28D5F007F5151 /* Preview Assets.xcassets in Resources */ = {isa = PBXBuildFile; fileRef = E4D58F6C28F28D5F007F5151 /* Preview Assets.xcassets */; };
		E4D58F7728F28D5F007F5151 /* project1Tests.swift in Sources */ = {isa = PBXBuildFile; fileRef = E4D58F7628F28D5F007F5151 /* project1Tests.swift */; };
		E4D58F8128F28D5F007F5151 /* project1UITests.swift in Sources */ = {isa = PBXBuildFile; fileRef = E4D58F8028F28D5F007F5151 /* project1UITests.swift */; };
		E4D58F8328F28D5F007F5151 /* project1UITestsLaunchTests.swift in Sources */ = {isa = PBXBuildFile; fileRef = E4D58F8228F28D5F007F5151 /* project1UITestsLaunchTests.swift */; };
/* End PBXBuildFile section */

/* Begin PBXContainerItemProxy section */
		E4D58F7328F28D5F007F5151 /* PBXContainerItemProxy */ = {
			isa = PBXContainerItemProxy;
			containerPortal = E4D58F5A28F28D5D007F5151 /* Project object */;
			proxyType = 1;
			remoteGlobalIDString = E4D58F6128F28D5D007F5151;
			remoteInfo = project1;
		};
		E4D58F7D28F28D5F007F5151 /* PBXContainerItemProxy */ = {
			isa = PBXContainerItemProxy;
			containerPortal = E4D58F5A28F28D5D007F5151 /* Project object */;
			proxyType = 1;
			remoteGlobalIDString = E4D58F6128F28D5D007F5151;
			remoteInfo = project1;
		};
/* End PBXContainerItemProxy section */

/* Begin PBXFileReference section */
		E4D58F6228F28D5D007F5151 /* project1.app */ = {isa = PBXFileReference; explicitFileType = wrapper.application; includeInIndex = 0; path = project1.app; sourceTree = BUILT_PRODUCTS_DIR; };
		E4D58F6528F28D5D007F5151 /* project1App.swift */ = {isa = PBXFileReference; lastKnownFileType = sourcecode.swift; path = project1App.swift; sourceTree = "<group>"; };
		E4D58F6728F28D5D007F5151 /* ContentView.swift */ = {isa = PBXFileReference; lastKnownFileType = sourcecode.swift; path = ContentView.swift; sourceTree = "<group>"; };
		E4D58F6928F28D5F007F5151 /* Assets.xcassets */ = {isa = PBXFileReference; lastKnownFileType = folder.assetcatalog; path = Assets.xcassets; sourceTree = "<group>"; };
		E4D58F6C28F28D5F007F5151 /* Preview Assets.xcassets */ = {isa = PBXFileReference; lastKnownFileType = folder.assetcatalog; path = "Preview Assets.xcassets"; sourceTree = "<group>"; };
		E4D58F7228F28D5F007F5151 /* project1Tests.xctest */ = {isa = PBXFileReference; explicitFileType = wrapper.cfbundle; includeInIndex = 0; path = project1Tests.xctest; sourceTree = BUILT_PRODUCTS_DIR; };
		E4D58F7628F28D5F007F5151 /* project1Tests.swift */ = {isa = PBXFileReference; lastKnownFileType = sourcecode.swift; path = project1Tests.swift; sourceTree = "<group>"; };
		E4D58F7C28F28D5F007F5151 /* project1UITests.xctest */ = {isa = PBXFileReference; explicitFileType = wrapper.cfbundle; includeInIndex = 0; path = project1UITests.xctest; sourceTree = BUILT_PRODUCTS_DIR; };
		E4D58F8028F28D5F007F5151 /* project1UITests.swift */ = {isa = PBXFileReference; lastKnownFileType = sourcecode.swift; path = project1UITests.swift; sourceTree = "<group>"; };
		E4D58F8228F28D5F007F5151 /* project1UITestsLaunchTests.swift */ = {isa = PBXFileReference; lastKnownFileType = sourcecode.swift; path = project1UITestsLaunchTests.swift; sourceTree = "<group>"; };
/* End PBXFileReference section */

/* Begin PBXFrameworksBuildPhase section */
		E4D58F5F28F28D5D007F5151 /* Frameworks */ = {
			isa = PBXFrameworksBuildPhase;
			buildActionMask = 2147483647;
			files = (
			);
			runOnlyForDeploymentPostprocessing = 0;
		};
		E4D58F6F28F28D5F007F5151 /* Frameworks */ = {
			isa = PBXFrameworksBuildPhase;
			buildActionMask = 2147483647;
			files = (
			);
			runOnlyForDeploymentPostprocessing = 0;
		};
		E4D58F7928F28D5F007F5151 /* Frameworks */ = {
			isa = PBXFrameworksBuildPhase;
			buildActionMask = 2147483647;
			files = (
			);
			runOnlyForDeploymentPostprocessing = 0;
		};
/* End PBXFrameworksBuildPhase section */

/* Begin PBXGroup section */
		E4D58F5928F28D5D007F5151 = {
			isa = PBXGroup;
			children = (
				E4D58F6428F28D5D007F5151 /* project1 */,
				E4D58F7528F28D5F007F5151 /* project1Tests */,
				E4D58F7F28F28D5F007F5151 /* project1UITests */,
				E4D58F6328F28D5D007F5151 /* Products */,
			);
			sourceTree = "<group>";
		};
		E4D58F6328F28D5D007F5151 /* Products */ = {
			isa = PBXGroup;
			children = (
				E4D58F6228F28D5D007F5151 /* project1.app */,
				E4D58F7228F28D5F007F5151 /* project1Tests.xctest */,
				E4D58F7C28F28D5F007F5151 /* project1UITests.xctest */,
			);
			name = Products;
			sourceTree = "<group>";
		};
		E4D58F6428F28D5D007F5151 /* project1 */ = {
			isa = PBXGroup;
			children = (
				E4D58F6528F28D5D007F5151 /* project1App.swift */,
				E4D58F6728F28D5D007F5151 /* ContentView.swift */,
				E4D58F6928F28D5F007F5151 /* Assets.xcassets */,
				E4D58F6B28F28D5F007F5151 /* Preview Content */,
			);
			path = project1;
			sourceTree = "<group>";
		};
		E4D58F6B28F28D5F007F5151 /* Preview Content */ = {
			isa = PBXGroup;
			children = (
				E4D58F6C28F28D5F007F5151 /* Preview Assets.xcassets */,
			);
			path = "Preview Content";
			sourceTree = "<group>";
		};
		E4D58F7528F28D5F007F5151 /* project1Tests */ = {
			isa = PBXGroup;
			children = (
				E4D58F7628F28D5F007F5151 /* project1Tests.swift */,
			);
			path = project1Tests;
			sourceTree = "<group>";
		};
		E4D58F7F28F28D5F007F5151 /* project1UITests */ = {
			isa = PBXGroup;
			children = (
				E4D58F8028F28D5F007F5151 /* project1UITests.swift */,
				E4D58F8228F28D5F007F5151 /* project1UITestsLaunchTests.swift */,
			);
			path = project1UITests;
			sourceTree = "<group>";
		};
/* End PBXGroup section */

/* Begin PBXNativeTarget section */
		E4D58F6128F28D5D007F5151 /* project1 */ = {
			isa = PBXNativeTarget;
			buildConfigurationList = E4D58F8628F28D5F007F5151 /* Build configuration list for PBXNativeTarget "project1" */;
			buildPhases = (
				E4D58F5E28F28D5D007F5151 /* Sources */,
				E4D58F5F28F28D5D007F5151 /* Frameworks */,
				E4D58F6028F28D5D007F5151 /* Resources */,
			);
			buildRules = (
			);
			dependencies = (
			);
			name = project1;
			productName = project1;
			productReference = E4D58F6228F28D5D007F5151 /* project1.app */;
			productType = "com.apple.product-type.application";
		};
		E4D58F7128F28D5F007F5151 /* project1Tests */ = {
			isa = PBXNativeTarget;
			buildConfigurationList = E4D58F8928F28D5F007F5151 /* Build configuration list for PBXNativeTarget "project1Tests" */;
			buildPhases = (
				E4D58F6E28F28D5F007F5151 /* Sources */,
				E4D58F6F28F28D5F007F5151 /* Frameworks */,
				E4D58F7028F28D5F007F5151 /* Resources */,
			);
			buildRules = (
			);
			dependencies = (
				E4D58F7428F28D5F007F5151 /* PBXTargetDependency */,
			);
			name = project1Tests;
			productName = project1Tests;
			productReference = E4D58F7228F28D5F007F5151 /* project1Tests.xctest */;
			productType = "com.apple.product-type.bundle.unit-test";
		};
		E4D58F7B28F28D5F007F5151 /* project1UITests */ = {
			isa = PBXNativeTarget;
			buildConfigurationList = E4D58F8C28F28D5F007F5151 /* Build configuration list for PBXNativeTarget "project1UITests" */;
			buildPhases = (
				E4D58F7828F28D5F007F5151 /* Sources */,
				E4D58F7928F28D5F007F5151 /* Frameworks */,
				E4D58F7A28F28D5F007F5151 /* Resources */,
			);
			buildRules = (
			);
			dependencies = (
				E4D58F7E28F28D5F007F5151 /* PBXTargetDependency */,
			);
			name = project1UITests;
			productName = project1UITests;
			productReference = E4D58F7C28F28D5F007F5151 /* project1UITests.xctest */;
			productType = "com.apple.product-type.bundle.ui-testing";
		};
/* End PBXNativeTarget section */

/* Begin PBXProject section */
		E4D58F5A28F28D5D007F5151 /* Project object */ = {
			isa = PBXProject;
			attributes = {
				BuildIndependentTargetsInParallel = 1;
				LastSwiftUpdateCheck = 1400;
				LastUpgradeCheck = 1400;
				TargetAttributes = {
					E4D58F6128F28D5D007F5151 = {
						CreatedOnToolsVersion = 14.0.1;
					};
					E4D58F7128F28D5F007F5151 = {
						CreatedOnToolsVersion = 14.0.1;
						TestTargetID = E4D58F6128F28D5D007F5151;
					};
					E4D58F7B28F28D5F007F5151 = {
						CreatedOnToolsVersion = 14.0.1;
						TestTargetID = E4D58F6128F28D5D007F5151;
					};
				};
			};
			buildConfigurationList = E4D58F5D28F28D5D007F5151 /* Build configuration list for PBXProject "project1" */;
			compatibilityVersion = "Xcode 14.0";
			developmentRegion = en;
			hasScannedForEncodings = 0;
			knownRegions = (
				en,
				Base,
			);
			mainGroup = E4D58F5928F28D5D007F5151;
			productRefGroup = E4D58F6328F28D5D007F5151 /* Products */;
			projectDirPath = "";
			projectRoot = "";
			targets = (
				E4D58F6128F28D5D007F5151 /* project1 */,
				E4D58F7128F28D5F007F5151 /* project1Tests */,
				E4D58F7B28F28D5F007F5151 /* project1UITests */,
			);
		};
/* End PBXProject section */

/* Begin PBXResourcesBuildPhase section */
		E4D58F6028F28D5D007F5151 /* Resources */ = {
			isa = PBXResourcesBuildPhase;
			buildActionMask = 2147483647;
			files = (
				E4D58F6D28F28D5F007F5151 /* Preview Assets.xcassets in Resources */,
				E4D58F6A28F28D5F007F5151 /* Assets.xcassets in Resources */,
			);
			runOnlyForDeploymentPostprocessing = 0;
		};
		E4D58F7028F28D5F007F5151 /* Resources */ = {
			isa = PBXResourcesBuildPhase;
			buildActionMask = 2147483647;
			files = (
			);
			runOnlyForDeploymentPostprocessing = 0;
		};
		E4D58F7A28F28D5F007F5151 /* Resources */ = {
			isa = PBXResourcesBuildPhase;
			buildActionMask = 2147483647;
			files = (
			);
			runOnlyForDeploymentPostprocessing = 0;
		};
/* End PBXResourcesBuildPhase section */

/* Begin PBXSourcesBuildPhase section */
		E4D58F5E28F28D5D007F5151 /* Sources */ = {
			isa = PBXSourcesBuildPhase;
			buildActionMask = 2147483647;
			files = (
				E4D58F6828F28D5D007F5151 /* ContentView.swift in Sources */,
				E4D58F6628F28D5D007F5151 /* project1App.swift in Sources */,
			);
			runOnlyForDeploymentPostprocessing = 0;
		};
		E4D58F6E28F28D5F007F5151 /* Sources */ = {
			isa = PBXSourcesBuildPhase;
			buildActionMask = 2147483647;
			files = (
				E4D58F7728F28D5F007F5151 /* project1Tests.swift in Sources */,
			);
			runOnlyForDeploymentPostprocessing = 0;
		};
		E4D58F7828F28D5F007F5151 /* Sources */ = {
			isa = PBXSourcesBuildPhase;
			buildActionMask = 2147483647;
			files = (
				E4D58F8328F28D5F007F5151 /* project1UITestsLaunchTests.swift in Sources */,
				E4D58F8128F28D5F007F5151 /* project1UITests.swift in Sources */,
			);
			runOnlyForDeploymentPostprocessing = 0;
		};
/* End PBXSourcesBuildPhase section */

/* Begin PBXTargetDependency section */
		E4D58F7428F28D5F007F5151 /* PBXTargetDependency */ = {
			isa = PBXTargetDependency;
			target = E4D58F6128F28D5D007F5151 /* project1 */;
			targetProxy = E4D58F7328F28D5F007F5151 /* PBXContainerItemProxy */;
		};
		E4D58F7E28F28D5F007F5151 /* PBXTargetDependency */ = {
			isa = PBXTargetDependency;
			target = E4D58F6128F28D5D007F5151 /* project1 */;
			targetProxy = E4D58F7D28F28D5F007F5151 /* PBXContainerItemProxy */;
		};
/* End PBXTargetDependency section */

/* Begin XCBuildConfiguration section */
		E4D58F8428F28D5F007F5151 /* Debug */ = {
			isa = XCBuildConfiguration;
			buildSettings = {
				ALWAYS_SEARCH_USER_PATHS = NO;
				CLANG_ANALYZER_NONNULL = YES;
				CLANG_ANALYZER_NUMBER_OBJECT_CONVERSION = YES_AGGRESSIVE;
				CLANG_CXX_LANGUAGE_STANDARD = "gnu++20";
				CLANG_ENABLE_MODULES = YES;
				CLANG_ENABLE_OBJC_ARC = YES;
				CLANG_ENABLE_OBJC_WEAK = YES;
				CLANG_WARN_BLOCK_CAPTURE_AUTORELEASING = YES;
				CLANG_WARN_BOOL_CONVERSION = YES;
				CLANG_WARN_COMMA = YES;
				CLANG_WARN_CONSTANT_CONVERSION = YES;
				CLANG_WARN_DEPRECATED_OBJC_IMPLEMENTATIONS = YES;
				CLANG_WARN_DIRECT_OBJC_ISA_USAGE = YES_ERROR;
				CLANG_WARN_DOCUMENTATION_COMMENTS = YES;
				CLANG_WARN_EMPTY_BODY = YES;
				CLANG_WARN_ENUM_CONVERSION = YES;
				CLANG_WARN_INFINITE_RECURSION = YES;
				CLANG_WARN_INT_CONVERSION = YES;
				CLANG_WARN_NON_LITERAL_NULL_CONVERSION = YES;
				CLANG_WARN_OBJC_IMPLICIT_RETAIN_SELF = YES;
				CLANG_WARN_OBJC_LITERAL_CONVERSION = YES;
				CLANG_WARN_OBJC_ROOT_CLASS = YES_ERROR;
				CLANG_WARN_QUOTED_INCLUDE_IN_FRAMEWORK_HEADER = YES;
				CLANG_WARN_RANGE_LOOP_ANALYSIS = YES;
				CLANG_WARN_STRICT_PROTOTYPES = YES;
				CLANG_WARN_SUSPICIOUS_MOVE = YES;
				CLANG_WARN_UNGUARDED_AVAILABILITY = YES_AGGRESSIVE;
				CLANG_WARN_UNREACHABLE_CODE = YES;
				CLANG_WARN__DUPLICATE_METHOD_MATCH = YES;
				COPY_PHASE_STRIP = NO;
				DEBUG_INFORMATION_FORMAT = dwarf;
				ENABLE_STRICT_OBJC_MSGSEND = YES;
				ENABLE_TESTABILITY = YES;
				GCC_C_LANGUAGE_STANDARD = gnu11;
				GCC_DYNAMIC_NO_PIC = NO;
				GCC_NO_COMMON_BLOCKS = YES;
				GCC_OPTIMIZATION_LEVEL = 0;
				GCC_PREPROCESSOR_DEFINITIONS = (
					"DEBUG=1",
					"$(inherited)",
				);
				GCC_WARN_64_TO_32_BIT_CONVERSION = YES;
				GCC_WARN_ABOUT_RETURN_TYPE = YES_ERROR;
				GCC_WARN_UNDECLARED_SELECTOR = YES;
				GCC_WARN_UNINITIALIZED_AUTOS = YES_AGGRESSIVE;
				GCC_WARN_UNUSED_FUNCTION = YES;
				GCC_WARN_UNUSED_VARIABLE = YES;
				IPHONEOS_DEPLOYMENT_TARGET = 16.0;
				MTL_ENABLE_DEBUG_INFO = INCLUDE_SOURCE;
				MTL_FAST_MATH = YES;
				ONLY_ACTIVE_ARCH = YES;
				SDKROOT = iphoneos;
				SWIFT_ACTIVE_COMPILATION_CONDITIONS = DEBUG;
				SWIFT_OPTIMIZATION_LEVEL = "-Onone";
			};
			name = Debug;
		};
		E4D58F8528F28D5F007F5151 /* Release */ = {
			isa = XCBuildConfiguration;
			buildSettings = {
				ALWAYS_SEARCH_USER_PATHS = NO;
				CLANG_ANALYZER_NONNULL = YES;
				CLANG_ANALYZER_NUMBER_OBJECT_CONVERSION = YES_AGGRESSIVE;
				CLANG_CXX_LANGUAGE_STANDARD = "gnu++20";
				CLANG_ENABLE_MODULES = YES;
				CLANG_ENABLE_OBJC_ARC = YES;
				CLANG_ENABLE_OBJC_WEAK = YES;
				CLANG_WARN_BLOCK_CAPTURE_AUTORELEASING = YES;
				CLANG_WARN_BOOL_CONVERSION = YES;
				CLANG_WARN_COMMA = YES;
				CLANG_WARN_CONSTANT_CONVERSION = YES;
				CLANG_WARN_DEPRECATED_OBJC_IMPLEMENTATIONS = YES;
				CLANG_WARN_DIRECT_OBJC_ISA_USAGE = YES_ERROR;
				CLANG_WARN_DOCUMENTATION_COMMENTS = YES;
				CLANG_WARN_EMPTY_BODY = YES;
				CLANG_WARN_ENUM_CONVERSION = YES;
				CLANG_WARN_INFINITE_RECURSION = YES;
				CLANG_WARN_INT_CONVERSION = YES;
				CLANG_WARN_NON_LITERAL_NULL_CONVERSION = YES;
				CLANG_WARN_OBJC_IMPLICIT_RETAIN_SELF = YES;
				CLANG_WARN_OBJC_LITERAL_CONVERSION = YES;
				CLANG_WARN_OBJC_ROOT_CLASS = YES_ERROR;
				CLANG_WARN_QUOTED_INCLUDE_IN_FRAMEWORK_HEADER = YES;
				CLANG_WARN_RANGE_LOOP_ANALYSIS = YES;
				CLANG_WARN_STRICT_PROTOTYPES = YES;
				CLANG_WARN_SUSPICIOUS_MOVE = YES;
				CLANG_WARN_UNGUARDED_AVAILABILITY = YES_AGGRESSIVE;
				CLANG_WARN_UNREACHABLE_CODE = YES;
				CLANG_WARN__DUPLICATE_METHOD_MATCH = YES;
				COPY_PHASE_STRIP = NO;
				DEBUG_INFORMATION_FORMAT = "dwarf-with-dsym";
				ENABLE_NS_ASSERTIONS = NO;
				ENABLE_STRICT_OBJC_MSGSEND = YES;
				GCC_C_LANGUAGE_STANDARD = gnu11;
				GCC_NO_COMMON_BLOCKS = YES;
				GCC_WARN_64_TO_32_BIT_CONVERSION = YES;
				GCC_WARN_ABOUT_RETURN_TYPE = YES_ERROR;
				GCC_WARN_UNDECLARED_SELECTOR = YES;
				GCC_WARN_UNINITIALIZED_AUTOS = YES_AGGRESSIVE;
				GCC_WARN_UNUSED_FUNCTION = YES;
				GCC_WARN_UNUSED_VARIABLE = YES;
				IPHONEOS_DEPLOYMENT_TARGET = 16.0;
				MTL_ENABLE_DEBUG_INFO = NO;
				MTL_FAST_MATH = YES;
				SDKROOT = iphoneos;
				SWIFT_COMPILATION_MODE = wholemodule;
				SWIFT_OPTIMIZATION_LEVEL = "-O";
				VALIDATE_PRODUCT = YES;
			};
			name = Release;
		};
		E4D58F8728F28D5F007F5151 /* Debug */ = {
			isa = XCBuildConfiguration;
			buildSettings = {
				ASSETCATALOG_COMPILER_APPICON_NAME = AppIcon;
				ASSETCATALOG_COMPILER_GLOBAL_ACCENT_COLOR_NAME = AccentColor;
				CODE_SIGN_STYLE = Automatic;
				CURRENT_PROJECT_VERSION = 1;
				DEVELOPMENT_ASSET_PATHS = "\"project1/Preview Content\"";
				ENABLE_PREVIEWS = YES;
				GENERATE_INFOPLIST_FILE = YES;
				INFOPLIST_KEY_UIApplicationSceneManifest_Generation = YES;
				INFOPLIST_KEY_UIApplicationSupportsIndirectInputEvents = YES;
				INFOPLIST_KEY_UILaunchScreen_Generation = YES;
				INFOPLIST_KEY_UISupportedInterfaceOrientations_iPad = "UIInterfaceOrientationPortrait UIInterfaceOrientationPortraitUpsideDown UIInterfaceOrientationLandscapeLeft UIInterfaceOrientationLandscapeRight";
				INFOPLIST_KEY_UISupportedInterfaceOrientations_iPhone = "UIInterfaceOrientationPortrait UIInterfaceOrientationLandscapeLeft UIInterfaceOrientationLandscapeRight";
				LD_RUNPATH_SEARCH_PATHS = (
					"$(inherited)",
					"@executable_path/Frameworks",
				);
				MARKETING_VERSION = 1.0;
				PRODUCT_BUNDLE_IDENTIFIER = me.project1;
				PRODUCT_NAME = "$(TARGET_NAME)";
				SWIFT_EMIT_LOC_STRINGS = YES;
				SWIFT_VERSION = 5.0;
				TARGETED_DEVICE_FAMILY = "1,2";
			};
			name = Debug;
		};
		E4D58F8828F28D5F007F5151 /* Release */ = {
			isa = XCBuildConfiguration;
			buildSettings = {
				ASSETCATALOG_COMPILER_APPICON_NAME = AppIcon;
				ASSETCATALOG_COMPILER_GLOBAL_ACCENT_COLOR_NAME = AccentColor;
				CODE_SIGN_STYLE = Automatic;
				CURRENT_PROJECT_VERSION = 1;
				DEVELOPMENT_ASSET_PATHS = "\"project1/Preview Content\"";
				ENABLE_PREVIEWS = YES;
				GENERATE_INFOPLIST_FILE = YES;
				INFOPLIST_KEY_UIApplicationSceneManifest_Generation = YES;
				INFOPLIST_KEY_UIApplicationSupportsIndirectInputEvents = YES;
				INFOPLIST_KEY_UILaunchScreen_Generation = YES;
				INFOPLIST_KEY_UISupportedInterfaceOrientations_iPad = "UIInterfaceOrientationPortrait UIInterfaceOrientationPortraitUpsideDown UIInterfaceOrientationLandscapeLeft UIInterfaceOrientationLandscapeRight";
				INFOPLIST_KEY_UISupportedInterfaceOrientations_iPhone = "UIInterfaceOrientationPortrait UIInterfaceOrientationLandscapeLeft UIInterfaceOrientationLandscapeRight";
				LD_RUNPATH_SEARCH_PATHS = (
					"$(inherited)",
					"@executable_path/Frameworks",
				);
				MARKETING_VERSION = 1.0;
				PRODUCT_BUNDLE_IDENTIFIER = me.project1;
				PRODUCT_NAME = "$(TARGET_NAME)";
				SWIFT_EMIT_LOC_STRINGS = YES;
				SWIFT_VERSION = 5.0;
				TARGETED_DEVICE_FAMILY = "1,2";
			};
			name = Release;
		};
		E4D58F8A28F28D5F007F5151 /* Debug */ = {
			isa = XCBuildConfiguration;
			buildSettings = {
				ALWAYS_EMBED_SWIFT_STANDARD_LIBRARIES = YES;
				BUNDLE_LOADER = "$(TEST_HOST)";
				CODE_SIGN_STYLE = Automatic;
				CURRENT_PROJECT_VERSION = 1;
				GENERATE_INFOPLIST_FILE = YES;
				IPHONEOS_DEPLOYMENT_TARGET = 16.0;
				MARKETING_VERSION = 1.0;
				PRODUCT_BUNDLE_IDENTIFIER = me.project1Tests;
				PRODUCT_NAME = "$(TARGET_NAME)";
				SWIFT_EMIT_LOC_STRINGS = NO;
				SWIFT_VERSION = 5.0;
				TARGETED_DEVICE_FAMILY = "1,2";
				TEST_HOST = "$(BUILT_PRODUCTS_DIR)/project1.app/$(BUNDLE_EXECUTABLE_FOLDER_PATH)/project1";
			};
			name = Debug;
		};
		E4D58F8B28F28D5F007F5151 /* Release */ = {
			isa = XCBuildConfiguration;
			buildSettings = {
				ALWAYS_EMBED_SWIFT_STANDARD_LIBRARIES = YES;
				BUNDLE_LOADER = "$(TEST_HOST)";
				CODE_SIGN_STYLE = Automatic;
				CURRENT_PROJECT_VERSION = 1;
				GENERATE_INFOPLIST_FILE = YES;
				IPHONEOS_DEPLOYMENT_TARGET = 16.0;
				MARKETING_VERSION = 1.0;
				PRODUCT_BUNDLE_IDENTIFIER = me.project1Tests;
				PRODUCT_NAME = "$(TARGET_NAME)";
				SWIFT_EMIT_LOC_STRINGS = NO;
				SWIFT_VERSION = 5.0;
				TARGETED_DEVICE_FAMILY = "1,2";
				TEST_HOST = "$(BUILT_PRODUCTS_DIR)/project1.app/$(BUNDLE_EXECUTABLE_FOLDER_PATH)/project1";
			};
			name = Release;
		};
		E4D58F8D28F28D5F007F5151 /* Debug */ = {
			isa = XCBuildConfiguration;
			buildSettings = {
				ALWAYS_EMBED_SWIFT_STANDARD_LIBRARIES = YES;
				CODE_SIGN_STYLE = Automatic;
				CURRENT_PROJECT_VERSION = 1;
				GENERATE_INFOPLIST_FILE = YES;
				MARKETING_VERSION = 1.0;
				PRODUCT_BUNDLE_IDENTIFIER = me.project1UITests;
				PRODUCT_NAME = "$(TARGET_NAME)";
				SWIFT_EMIT_LOC_STRINGS = NO;
				SWIFT_VERSION = 5.0;
				TARGETED_DEVICE_FAMILY = "1,2";
				TEST_TARGET_NAME = project1;
			};
			name = Debug;
		};
		E4D58F8E28F28D5F007F5151 /* Release */ = {
			isa = XCBuildConfiguration;
			buildSettings = {
				ALWAYS_EMBED_SWIFT_STANDARD_LIBRARIES = YES;
				CODE_SIGN_STYLE = Automatic;
				CURRENT_PROJECT_VERSION = 1;
				GENERATE_INFOPLIST_FILE = YES;
				MARKETING_VERSION = 1.0;
				PRODUCT_BUNDLE_IDENTIFIER = me.project1UITests;
				PRODUCT_NAME = "$(TARGET_NAME)";
				SWIFT_EMIT_LOC_STRINGS = NO;
				SWIFT_VERSION = 5.0;
				TARGETED_DEVICE_FAMILY = "1,2";
				TEST_TARGET_NAME = project1;
			};
			name = Release;
		};
/* End XCBuildConfiguration section */

/* Begin XCConfigurationList section */
		E4D58F5D28F28D5D007F5151 /* Build configuration list for PBXProject "project1" */ = {
			isa = XCConfigurationList;
			buildConfigurations = (
				E4D58F8428F28D5F007F5151 /* Debug */,
				E4D58F8528F28D5F007F5151 /* Release */,
			);
			defaultConfigurationIsVisible = 0;
			defaultConfigurationName = Release;
		};
		E4D58F8628F28D5F007F5151 /* Build configuration list for PBXNativeTarget "project1" */ = {
			isa = XCConfigurationList;
			buildConfigurations = (
				E4D58F8728F28D5F007F5151 /* Debug */,
				E4D58F8828F28D5F007F5151 /* Release */,
			);
			defaultConfigurationIsVisible = 0;
			defaultConfigurationName = Release;
		};
		E4D58F8928F28D5F007F5151 /* Build configuration list for PBXNativeTarget "project1Tests" */ = {
			isa = XCConfigurationList;
			buildConfigurations = (
				E4D58F8A28F28D5F007F5151 /* Debug */,
				E4D58F8B28F28D5F007F5151 /* Release */,
			);
			defaultConfigurationIsVisible = 0;
			defaultConfigurationName = Release;
		};
		E4D58F8C28F28D5F007F5151 /* Build configuration list for PBXNativeTarget "project1UITests" */ = {
			isa = XCConfigurationList;
			buildConfigurations = (
				E4D58F8D28F28D5F007F5151 /* Debug */,
				E4D58F8E28F28D5F007F5151 /* Release */,
			);
			defaultConfigurationIsVisible = 0;
			defaultConfigurationName = Release;
		};
/* End XCConfigurationList section */
	};
	rootObject = E4D58F5A28F28D5D007F5151 /* Project object */;
}
